
Microsoft Visual Studio Solution File, Format Version 12.00
# Visual Studio Version 17
VisualStudioVersion = 17.0.32112.339
MinimumVisualStudioVersion = 10.0.40219.1
Project("{FAE04EC0-301F-11D3-BF4B-00C04F79EFBC}") = "Zhai.VideoView", "Zhai.VideoView.csproj", "{D6F595B6-5D7B-4030-B13D-CCBA6D7C4016}"
EndProject
Global
	GlobalSection(SolutionConfigurationPlatforms) = preSolution
		Debug|Any CPU = Debug|Any CPU
		Release|Any CPU = Release|Any CPU
	EndGlobalSection
	GlobalSection(ProjectConfigurationPlatforms) = postSolution
		{D6F595B6-5D7B-4030-B13D-CCBA6D7C4016}.Debug|Any CPU.ActiveCfg = Debug|Any CPU
		{D6F595B6-5D7B-4030-B13D-CCBA6D7C4016}.Debug|Any CPU.Build.0 = Debug|Any CPU
		{D6F595B6-5D7B-4030-B13D-CCBA6D7C4016}.Release|Any CPU.ActiveCfg = Release|Any CPU
		{D6F595B6-5D7B-4030-B13D-CCBA6D7C4016}.Release|Any CPU.Build.0 = Release|Any CPU
	EndGlobalSection
	GlobalSection(SolutionProperties) = preSolution
		HideSolutionNode = FALSE
	EndGlobalSection
	GlobalSection(ExtensibilityGlobals) = postSolution
		SolutionGuid = {DDE6AB34-73BA-4448-93B0-E548DC3AFC8F}
	EndGlobalSection
EndGlobal
